// !$*UTF8*$!
{
	archiveVersion = 1;
	classes = {
	};
	objectVersion = 50;
	objects = {

/* Begin PBXBuildFile section */
		EE1A60E92104B05A00703212 /* AllListsViewController.swift in Sources */ = {isa = PBXBuildFile; fileRef = EE1A60E82104B05A00703212 /* AllListsViewController.swift */; };
		EE1A60EB2104D20200703212 /* Checklist.swift in Sources */ = {isa = PBXBuildFile; fileRef = EE1A60EA2104D20200703212 /* Checklist.swift */; };
		EE4A0912210DABC3004372FB /* DataModel.swift in Sources */ = {isa = PBXBuildFile; fileRef = EE4A0911210DABC3004372FB /* DataModel.swift */; };
		EE55921B20C58E460001D046 /* AppDelegate.swift in Sources */ = {isa = PBXBuildFile; fileRef = EE55921A20C58E460001D046 /* AppDelegate.swift */; };
		EE55922020C58E460001D046 /* Main.storyboard in Resources */ = {isa = PBXBuildFile; fileRef = EE55921E20C58E460001D046 /* Main.storyboard */; };
		EE55922220C58E4A0001D046 /* Assets.xcassets in Resources */ = {isa = PBXBuildFile; fileRef = EE55922120C58E4A0001D046 /* Assets.xcassets */; };
		EE60CCBC20F24B87009C501E /* ItemDetailViewController.swift in Sources */ = {isa = PBXBuildFile; fileRef = EE60CCBB20F24B87009C501E /* ItemDetailViewController.swift */; };
		EE6F56EA20CC2B6500C86461 /* CheckListItem.swift in Sources */ = {isa = PBXBuildFile; fileRef = EE6F56E920CC2B6500C86461 /* CheckListItem.swift */; };
		EEA2C69A2108C16B005E7E67 /* ListDetailViewController.swift in Sources */ = {isa = PBXBuildFile; fileRef = EEA2C6992108C16B005E7E67 /* ListDetailViewController.swift */; };
		EEE8479220C6DE9C0005C4E1 /* ChecklistVIewController.swift in Sources */ = {isa = PBXBuildFile; fileRef = EEE8479120C6DE9C0005C4E1 /* ChecklistVIewController.swift */; };
		EEF32EDF212EFF9E004B2B6C /* IconPickerViewController.swift in Sources */ = {isa = PBXBuildFile; fileRef = EEF32EDE212EFF9E004B2B6C /* IconPickerViewController.swift */; };
/* End PBXBuildFile section */

/* Begin PBXFileReference section */
		EE1A60E82104B05A00703212 /* AllListsViewController.swift */ = {isa = PBXFileReference; lastKnownFileType = sourcecode.swift; path = AllListsViewController.swift; sourceTree = "<group>"; };
		EE1A60EA2104D20200703212 /* Checklist.swift */ = {isa = PBXFileReference; lastKnownFileType = sourcecode.swift; path = Checklist.swift; sourceTree = "<group>"; };
		EE4A0911210DABC3004372FB /* DataModel.swift */ = {isa = PBXFileReference; lastKnownFileType = sourcecode.swift; path = DataModel.swift; sourceTree = "<group>"; };
		EE55921720C58E450001D046 /* Checklists.app */ = {isa = PBXFileReference; explicitFileType = wrapper.application; includeInIndex = 0; path = Checklists.app; sourceTree = BUILT_PRODUCTS_DIR; };
		EE55921A20C58E460001D046 /* AppDelegate.swift */ = {isa = PBXFileReference; lastKnownFileType = sourcecode.swift; path = AppDelegate.swift; sourceTree = "<group>"; };
		EE55921F20C58E460001D046 /* Base */ = {isa = PBXFileReference; lastKnownFileType = file.storyboard; name = Base; path = Base.lproj/Main.storyboard; sourceTree = "<group>"; };
		EE55922120C58E4A0001D046 /* Assets.xcassets */ = {isa = PBXFileReference; lastKnownFileType = folder.assetcatalog; path = Assets.xcassets; sourceTree = "<group>"; };
		EE55922620C58E4A0001D046 /* Info.plist */ = {isa = PBXFileReference; lastKnownFileType = text.plist.xml; path = Info.plist; sourceTree = "<group>"; };
		EE60CCBB20F24B87009C501E /* ItemDetailViewController.swift */ = {isa = PBXFileReference; lastKnownFileType = sourcecode.swift; path = ItemDetailViewController.swift; sourceTree = "<group>"; };
		EE6F56E920CC2B6500C86461 /* CheckListItem.swift */ = {isa = PBXFileReference; lastKnownFileType = sourcecode.swift; path = CheckListItem.swift; sourceTree = "<group>"; };
		EEA2C6992108C16B005E7E67 /* ListDetailViewController.swift */ = {isa = PBXFileReference; lastKnownFileType = sourcecode.swift; path = ListDetailViewController.swift; sourceTree = "<group>"; };
		EEE8479120C6DE9C0005C4E1 /* ChecklistVIewController.swift */ = {isa = PBXFileReference; lastKnownFileType = sourcecode.swift; path = ChecklistVIewController.swift; sourceTree = "<group>"; };
		EEF32EDE212EFF9E004B2B6C /* IconPickerViewController.swift */ = {isa = PBXFileReference; lastKnownFileType = sourcecode.swift; name = IconPickerViewController.swift; path = ../IconPickerViewController.swift; sourceTree = "<group>"; };
/* End PBXFileReference section */

/* Begin PBXFrameworksBuildPhase section */
		EE55921420C58E450001D046 /* Frameworks */ = {
			isa = PBXFrameworksBuildPhase;
			buildActionMask = 2147483647;
			files = (
			);
			runOnlyForDeploymentPostprocessing = 0;
		};
/* End PBXFrameworksBuildPhase section */

/* Begin PBXGroup section */
		EE55920E20C58E450001D046 = {
			isa = PBXGroup;
			children = (
				EE55921920C58E450001D046 /* Checklists */,
				EE55921820C58E450001D046 /* Products */,
			);
			sourceTree = "<group>";
		};
		EE55921820C58E450001D046 /* Products */ = {
			isa = PBXGroup;
			children = (
				EE55921720C58E450001D046 /* Checklists.app */,
			);
			name = Products;
			sourceTree = "<group>";
		};
		EE55921920C58E450001D046 /* Checklists */ = {
			isa = PBXGroup;
			children = (
				EE69683D2112017E00BD3C3D /* View Controllers */,
				EE55921A20C58E460001D046 /* AppDelegate.swift */,
				EE55922120C58E4A0001D046 /* Assets.xcassets */,
				EE1A60EA2104D20200703212 /* Checklist.swift */,
				EE6F56E920CC2B6500C86461 /* CheckListItem.swift */,
				EE4A0911210DABC3004372FB /* DataModel.swift */,
				EE55922620C58E4A0001D046 /* Info.plist */,
				EE55921E20C58E460001D046 /* Main.storyboard */,
			);
			path = Checklists;
			sourceTree = "<group>";
		};
		EE69683D2112017E00BD3C3D /* View Controllers */ = {
			isa = PBXGroup;
			children = (
				EE1A60E82104B05A00703212 /* AllListsViewController.swift */,
				EEA2C6992108C16B005E7E67 /* ListDetailViewController.swift */,
				EEE8479120C6DE9C0005C4E1 /* ChecklistVIewController.swift */,
				EE60CCBB20F24B87009C501E /* ItemDetailViewController.swift */,
				EEF32EDE212EFF9E004B2B6C /* IconPickerViewController.swift */,
			);
			path = "View Controllers";
			sourceTree = "<group>";
		};
/* End PBXGroup section */

/* Begin PBXNativeTarget section */
		EE55921620C58E450001D046 /* Checklists */ = {
			isa = PBXNativeTarget;
			buildConfigurationList = EE55922920C58E4A0001D046 /* Build configuration list for PBXNativeTarget "Checklists" */;
			buildPhases = (
				EE55921320C58E450001D046 /* Sources */,
				EE55921420C58E450001D046 /* Frameworks */,
				EE55921520C58E450001D046 /* Resources */,
			);
			buildRules = (
			);
			dependencies = (
			);
			name = Checklists;
			productName = Checklists;
			productReference = EE55921720C58E450001D046 /* Checklists.app */;
			productType = "com.apple.product-type.application";
		};
/* End PBXNativeTarget section */

/* Begin PBXProject section */
		EE55920F20C58E450001D046 /* Project object */ = {
			isa = PBXProject;
			attributes = {
				LastSwiftUpdateCheck = 0940;
				LastUpgradeCheck = 0940;
				ORGANIZATIONNAME = "Quyet Vu";
				TargetAttributes = {
					EE55921620C58E450001D046 = {
						CreatedOnToolsVersion = 9.4;
					};
				};
			};
			buildConfigurationList = EE55921220C58E450001D046 /* Build configuration list for PBXProject "Checklists" */;
			compatibilityVersion = "Xcode 9.3";
			developmentRegion = en;
			hasScannedForEncodings = 0;
			knownRegions = (
				en,
				Base,
			);
			mainGroup = EE55920E20C58E450001D046;
			productRefGroup = EE55921820C58E450001D046 /* Products */;
			projectDirPath = "";
			projectRoot = "";
			targets = (
				EE55921620C58E450001D046 /* Checklists */,
			);
		};
/* End PBXProject section */

/* Begin PBXResourcesBuildPhase section */
		EE55921520C58E450001D046 /* Resources */ = {
			isa = PBXResourcesBuildPhase;
			buildActionMask = 2147483647;
			files = (
				EE55922220C58E4A0001D046 /* Assets.xcassets in Resources */,
				EE55922020C58E460001D046 /* Main.storyboard in Resources */,
			);
			runOnlyForDeploymentPostprocessing = 0;
		};
/* End PBXResourcesBuildPhase section */

/* Begin PBXSourcesBuildPhase section */
		EE55921320C58E450001D046 /* Sources */ = {
			isa = PBXSourcesBuildPhase;
			buildActionMask = 2147483647;
			files = (
				EE6F56EA20CC2B6500C86461 /* CheckListItem.swift in Sources */,
				EEA2C69A2108C16B005E7E67 /* ListDetailViewController.swift in Sources */,
				EE60CCBC20F24B87009C501E /* ItemDetailViewController.swift in Sources */,
				EEF32EDF212EFF9E004B2B6C /* IconPickerViewController.swift in Sources */,
				EE1A60EB2104D20200703212 /* Checklist.swift in Sources */,
				EEE8479220C6DE9C0005C4E1 /* ChecklistVIewController.swift in Sources */,
				EE4A0912210DABC3004372FB /* DataModel.swift in Sources */,
				EE1A60E92104B05A00703212 /* AllListsViewController.swift in Sources */,
				EE55921B20C58E460001D046 /* AppDelegate.swift in Sources */,
			);
			runOnlyForDeploymentPostprocessing = 0;
		};
/* End PBXSourcesBuildPhase section */

/* Begin PBXVariantGroup section */
		EE55921E20C58E460001D046 /* Main.storyboard */ = {
			isa = PBXVariantGroup;
			children = (
				EE55921F20C58E460001D046 /* Base */,
			);
			name = Main.storyboard;
			sourceTree = "<group>";
		};
/* End PBXVariantGroup section */

/* Begin XCBuildConfiguration section */
		EE55922720C58E4A0001D046 /* Debug */ = {
			isa = XCBuildConfiguration;
			buildSettings = {
				ALWAYS_SEARCH_USER_PATHS = NO;
				CLANG_ANALYZER_NONNULL = YES;
				CLANG_ANALYZER_NUMBER_OBJECT_CONVERSION = YES_AGGRESSIVE;
				CLANG_CXX_LANGUAGE_STANDARD = "gnu++14";
				CLANG_CXX_LIBRARY = "libc++";
				CLANG_ENABLE_MODULES = YES;
				CLANG_ENABLE_OBJC_ARC = YES;
				CLANG_ENABLE_OBJC_WEAK = YES;
				CLANG_WARN_BLOCK_CAPTURE_AUTORELEASING = YES;
				CLANG_WARN_BOOL_CONVERSION = YES;
				CLANG_WARN_COMMA = YES;
				CLANG_WARN_CONSTANT_CONVERSION = YES;
				CLANG_WARN_DEPRECATED_OBJC_IMPLEMENTATIONS = YES;
				CLANG_WARN_DIRECT_OBJC_ISA_USAGE = YES_ERROR;
				CLANG_WARN_DOCUMENTATION_COMMENTS = YES;
				CLANG_WARN_EMPTY_BODY = YES;
				CLANG_WARN_ENUM_CONVERSION = YES;
				CLANG_WARN_INFINITE_RECURSION = YES;
				CLANG_WARN_INT_CONVERSION = YES;
				CLANG_WARN_NON_LITERAL_NULL_CONVERSION = YES;
				CLANG_WARN_OBJC_IMPLICIT_RETAIN_SELF = YES;
				CLANG_WARN_OBJC_LITERAL_CONVERSION = YES;
				CLANG_WARN_OBJC_ROOT_CLASS = YES_ERROR;
				CLANG_WARN_RANGE_LOOP_ANALYSIS = YES;
				CLANG_WARN_STRICT_PROTOTYPES = YES;
				CLANG_WARN_SUSPICIOUS_MOVE = YES;
				CLANG_WARN_UNGUARDED_AVAILABILITY = YES_AGGRESSIVE;
				CLANG_WARN_UNREACHABLE_CODE = YES;
				CLANG_WARN__DUPLICATE_METHOD_MATCH = YES;
				CODE_SIGN_IDENTITY = "iPhone Developer";
				COPY_PHASE_STRIP = NO;
				DEBUG_INFORMATION_FORMAT = dwarf;
				ENABLE_STRICT_OBJC_MSGSEND = YES;
				ENABLE_TESTABILITY = YES;
				GCC_C_LANGUAGE_STANDARD = gnu11;
				GCC_DYNAMIC_NO_PIC = NO;
				GCC_NO_COMMON_BLOCKS = YES;
				GCC_OPTIMIZATION_LEVEL = 0;
				GCC_PREPROCESSOR_DEFINITIONS = (
					"DEBUG=1",
					"$(inherited)",
				);
				GCC_WARN_64_TO_32_BIT_CONVERSION = YES;
				GCC_WARN_ABOUT_RETURN_TYPE = YES_ERROR;
				GCC_WARN_UNDECLARED_SELECTOR = YES;
				GCC_WARN_UNINITIALIZED_AUTOS = YES_AGGRESSIVE;
				GCC_WARN_UNUSED_FUNCTION = YES;
				GCC_WARN_UNUSED_VARIABLE = YES;
				IPHONEOS_DEPLOYMENT_TARGET = 11.4;
				MTL_ENABLE_DEBUG_INFO = YES;
				ONLY_ACTIVE_ARCH = YES;
				SDKROOT = iphoneos;
				SWIFT_ACTIVE_COMPILATION_CONDITIONS = DEBUG;
				SWIFT_OPTIMIZATION_LEVEL = "-Onone";
			};
			name = Debug;
		};
		EE55922820C58E4A0001D046 /* Release */ = {
			isa = XCBuildConfiguration;
			buildSettings = {
				ALWAYS_SEARCH_USER_PATHS = NO;
				CLANG_ANALYZER_NONNULL = YES;
				CLANG_ANALYZER_NUMBER_OBJECT_CONVERSION = YES_AGGRESSIVE;
				CLANG_CXX_LANGUAGE_STANDARD = "gnu++14";
				CLANG_CXX_LIBRARY = "libc++";
				CLANG_ENABLE_MODULES = YES;
				CLANG_ENABLE_OBJC_ARC = YES;
				CLANG_ENABLE_OBJC_WEAK = YES;
				CLANG_WARN_BLOCK_CAPTURE_AUTORELEASING = YES;
				CLANG_WARN_BOOL_CONVERSION = YES;
				CLANG_WARN_COMMA = YES;
				CLANG_WARN_CONSTANT_CONVERSION = YES;
				CLANG_WARN_DEPRECATED_OBJC_IMPLEMENTATIONS = YES;
				CLANG_WARN_DIRECT_OBJC_ISA_USAGE = YES_ERROR;
				CLANG_WARN_DOCUMENTATION_COMMENTS = YES;
				CLANG_WARN_EMPTY_BODY = YES;
				CLANG_WARN_ENUM_CONVERSION = YES;
				CLANG_WARN_INFINITE_RECURSION = YES;
				CLANG_WARN_INT_CONVERSION = YES;
				CLANG_WARN_NON_LITERAL_NULL_CONVERSION = YES;
				CLANG_WARN_OBJC_IMPLICIT_RETAIN_SELF = YES;
				CLANG_WARN_OBJC_LITERAL_CONVERSION = YES;
				CLANG_WARN_OBJC_ROOT_CLASS = YES_ERROR;
				CLANG_WARN_RANGE_LOOP_ANALYSIS = YES;
				CLANG_WARN_STRICT_PROTOTYPES = YES;
				CLANG_WARN_SUSPICIOUS_MOVE = YES;
				CLANG_WARN_UNGUARDED_AVAILABILITY = YES_AGGRESSIVE;
				CLANG_WARN_UNREACHABLE_CODE = YES;
				CLANG_WARN__DUPLICATE_METHOD_MATCH = YES;
				CODE_SIGN_IDENTITY = "iPhone Developer";
				COPY_PHASE_STRIP = NO;
				DEBUG_INFORMATION_FORMAT = "dwarf-with-dsym";
				ENABLE_NS_ASSERTIONS = NO;
				ENABLE_STRICT_OBJC_MSGSEND = YES;
				GCC_C_LANGUAGE_STANDARD = gnu11;
				GCC_NO_COMMON_BLOCKS = YES;
				GCC_WARN_64_TO_32_BIT_CONVERSION = YES;
				GCC_WARN_ABOUT_RETURN_TYPE = YES_ERROR;
				GCC_WARN_UNDECLARED_SELECTOR = YES;
				GCC_WARN_UNINITIALIZED_AUTOS = YES_AGGRESSIVE;
				GCC_WARN_UNUSED_FUNCTION = YES;
				GCC_WARN_UNUSED_VARIABLE = YES;
				IPHONEOS_DEPLOYMENT_TARGET = 11.4;
				MTL_ENABLE_DEBUG_INFO = NO;
				SDKROOT = iphoneos;
				SWIFT_COMPILATION_MODE = wholemodule;
				SWIFT_OPTIMIZATION_LEVEL = "-O";
				VALIDATE_PRODUCT = YES;
			};
			name = Release;
		};
		EE55922A20C58E4A0001D046 /* Debug */ = {
			isa = XCBuildConfiguration;
			buildSettings = {
				ASSETCATALOG_COMPILER_APPICON_NAME = AppIcon;
				CODE_SIGN_STYLE = Automatic;
				DEVELOPMENT_TEAM = AV9Q8ZYKZG;
				INFOPLIST_FILE = Checklists/Info.plist;
				LD_RUNPATH_SEARCH_PATHS = (
					"$(inherited)",
					"@executable_path/Frameworks",
				);
				PRODUCT_BUNDLE_IDENTIFIER = vnu.quyetvu.Checklists;
				PRODUCT_NAME = "$(TARGET_NAME)";
				SWIFT_VERSION = 4.0;
				TARGETED_DEVICE_FAMILY = "1,2";
			};
			name = Debug;
		};
		EE55922B20C58E4A0001D046 /* Release */ = {
			isa = XCBuildConfiguration;
			buildSettings = {
				ASSETCATALOG_COMPILER_APPICON_NAME = AppIcon;
				CODE_SIGN_STYLE = Automatic;
				DEVELOPMENT_TEAM = AV9Q8ZYKZG;
				INFOPLIST_FILE = Checklists/Info.plist;
				LD_RUNPATH_SEARCH_PATHS = (
					"$(inherited)",
					"@executable_path/Frameworks",
				);
				PRODUCT_BUNDLE_IDENTIFIER = vnu.quyetvu.Checklists;
				PRODUCT_NAME = "$(TARGET_NAME)";
				SWIFT_VERSION = 4.0;
				TARGETED_DEVICE_FAMILY = "1,2";
			};
			name = Release;
		};
/* End XCBuildConfiguration section */

/* Begin XCConfigurationList section */
		EE55921220C58E450001D046 /* Build configuration list for PBXProject "Checklists" */ = {
			isa = XCConfigurationList;
			buildConfigurations = (
				EE55922720C58E4A0001D046 /* Debug */,
				EE55922820C58E4A0001D046 /* Release */,
			);
			defaultConfigurationIsVisible = 0;
			defaultConfigurationName = Release;
		};
		EE55922920C58E4A0001D046 /* Build configuration list for PBXNativeTarget "Checklists" */ = {
			isa = XCConfigurationList;
			buildConfigurations = (
				EE55922A20C58E4A0001D046 /* Debug */,
				EE55922B20C58E4A0001D046 /* Release */,
			);
			defaultConfigurationIsVisible = 0;
			defaultConfigurationName = Release;
		};
/* End XCConfigurationList section */
	};
	rootObject = EE55920F20C58E450001D046 /* Project object */;
}
